// !$*UTF8*$!
{
	archiveVersion = 1;
	classes = {
	};
	objectVersion = 46;
	objects = {

/* Begin PBXBuildFile section */
		0C6DC8D91BE26B1C00FAF393 /* main.m in Sources */ = {isa = PBXBuildFile; fileRef = 0C6DC8D81BE26B1C00FAF393 /* main.m */; };
		0C6DC8DC1BE26B1C00FAF393 /* AppDelegate.m in Sources */ = {isa = PBXBuildFile; fileRef = 0C6DC8DB1BE26B1C00FAF393 /* AppDelegate.m */; };
		0C6DC8DF1BE26B1C00FAF393 /* ViewController.m in Sources */ = {isa = PBXBuildFile; fileRef = 0C6DC8DE1BE26B1C00FAF393 /* ViewController.m */; };
		0C6DC8E21BE26B1C00FAF393 /* Main.storyboard in Resources */ = {isa = PBXBuildFile; fileRef = 0C6DC8E01BE26B1C00FAF393 /* Main.storyboard */; };
		0C6DC8E41BE26B1C00FAF393 /* Assets.xcassets in Resources */ = {isa = PBXBuildFile; fileRef = 0C6DC8E31BE26B1C00FAF393 /* Assets.xcassets */; };
		0C6DC8E71BE26B1C00FAF393 /* LaunchScreen.storyboard in Resources */ = {isa = PBXBuildFile; fileRef = 0C6DC8E51BE26B1C00FAF393 /* LaunchScreen.storyboard */; };
		0C6DC8F21BE26B1C00FAF393 /* momo1Tests.m in Sources */ = {isa = PBXBuildFile; fileRef = 0C6DC8F11BE26B1C00FAF393 /* momo1Tests.m */; };
		0C6DC8FD1BE26B1C00FAF393 /* momo1UITests.m in Sources */ = {isa = PBXBuildFile; fileRef = 0C6DC8FC1BE26B1C00FAF393 /* momo1UITests.m */; };
/* End PBXBuildFile section */

/* Begin PBXContainerItemProxy section */
		0C6DC8EE1BE26B1C00FAF393 /* PBXContainerItemProxy */ = {
			isa = PBXContainerItemProxy;
			containerPortal = 0C6DC8CC1BE26B1C00FAF393 /* Project object */;
			proxyType = 1;
			remoteGlobalIDString = 0C6DC8D31BE26B1C00FAF393;
			remoteInfo = momo1;
		};
		0C6DC8F91BE26B1C00FAF393 /* PBXContainerItemProxy */ = {
			isa = PBXContainerItemProxy;
			containerPortal = 0C6DC8CC1BE26B1C00FAF393 /* Project object */;
			proxyType = 1;
			remoteGlobalIDString = 0C6DC8D31BE26B1C00FAF393;
			remoteInfo = momo1;
		};
/* End PBXContainerItemProxy section */

/* Begin PBXFileReference section */
		0C6DC8D41BE26B1C00FAF393 /* momo1.app */ = {isa = PBXFileReference; explicitFileType = wrapper.application; includeInIndex = 0; path = momo1.app; sourceTree = BUILT_PRODUCTS_DIR; };
		0C6DC8D81BE26B1C00FAF393 /* main.m */ = {isa = PBXFileReference; lastKnownFileType = sourcecode.c.objc; path = main.m; sourceTree = "<group>"; };
		0C6DC8DA1BE26B1C00FAF393 /* AppDelegate.h */ = {isa = PBXFileReference; lastKnownFileType = sourcecode.c.h; path = AppDelegate.h; sourceTree = "<group>"; };
		0C6DC8DB1BE26B1C00FAF393 /* AppDelegate.m */ = {isa = PBXFileReference; lastKnownFileType = sourcecode.c.objc; path = AppDelegate.m; sourceTree = "<group>"; };
		0C6DC8DD1BE26B1C00FAF393 /* ViewController.h */ = {isa = PBXFileReference; lastKnownFileType = sourcecode.c.h; path = ViewController.h; sourceTree = "<group>"; };
		0C6DC8DE1BE26B1C00FAF393 /* ViewController.m */ = {isa = PBXFileReference; lastKnownFileType = sourcecode.c.objc; path = ViewController.m; sourceTree = "<group>"; };
		0C6DC8E11BE26B1C00FAF393 /* Base */ = {isa = PBXFileReference; lastKnownFileType = file.storyboard; name = Base; path = Base.lproj/Main.storyboard; sourceTree = "<group>"; };
		0C6DC8E31BE26B1C00FAF393 /* Assets.xcassets */ = {isa = PBXFileReference; lastKnownFileType = folder.assetcatalog; path = Assets.xcassets; sourceTree = "<group>"; };
		0C6DC8E61BE26B1C00FAF393 /* Base */ = {isa = PBXFileReference; lastKnownFileType = file.storyboard; name = Base; path = Base.lproj/LaunchScreen.storyboard; sourceTree = "<group>"; };
		0C6DC8E81BE26B1C00FAF393 /* Info.plist */ = {isa = PBXFileReference; lastKnownFileType = text.plist.xml; path = Info.plist; sourceTree = "<group>"; };
		0C6DC8ED1BE26B1C00FAF393 /* momo1Tests.xctest */ = {isa = PBXFileReference; explicitFileType = wrapper.cfbundle; includeInIndex = 0; path = momo1Tests.xctest; sourceTree = BUILT_PRODUCTS_DIR; };
		0C6DC8F11BE26B1C00FAF393 /* momo1Tests.m */ = {isa = PBXFileReference; lastKnownFileType = sourcecode.c.objc; path = momo1Tests.m; sourceTree = "<group>"; };
		0C6DC8F31BE26B1C00FAF393 /* Info.plist */ = {isa = PBXFileReference; lastKnownFileType = text.plist.xml; path = Info.plist; sourceTree = "<group>"; };
		0C6DC8F81BE26B1C00FAF393 /* momo1UITests.xctest */ = {isa = PBXFileReference; explicitFileType = wrapper.cfbundle; includeInIndex = 0; path = momo1UITests.xctest; sourceTree = BUILT_PRODUCTS_DIR; };
		0C6DC8FC1BE26B1C00FAF393 /* momo1UITests.m */ = {isa = PBXFileReference; lastKnownFileType = sourcecode.c.objc; path = momo1UITests.m; sourceTree = "<group>"; };
		0C6DC8FE1BE26B1C00FAF393 /* Info.plist */ = {isa = PBXFileReference; lastKnownFileType = text.plist.xml; path = Info.plist; sourceTree = "<group>"; };
/* End PBXFileReference section */

/* Begin PBXFrameworksBuildPhase section */
		0C6DC8D11BE26B1C00FAF393 /* Frameworks */ = {
			isa = PBXFrameworksBuildPhase;
			buildActionMask = 2147483647;
			files = (
			);
			runOnlyForDeploymentPostprocessing = 0;
		};
		0C6DC8EA1BE26B1C00FAF393 /* Frameworks */ = {
			isa = PBXFrameworksBuildPhase;
			buildActionMask = 2147483647;
			files = (
			);
			runOnlyForDeploymentPostprocessing = 0;
		};
		0C6DC8F51BE26B1C00FAF393 /* Frameworks */ = {
			isa = PBXFrameworksBuildPhase;
			buildActionMask = 2147483647;
			files = (
			);
			runOnlyForDeploymentPostprocessing = 0;
		};
/* End PBXFrameworksBuildPhase section */

/* Begin PBXGroup section */
		0C6DC8CB1BE26B1C00FAF393 = {
			isa = PBXGroup;
			children = (
				0C6DC8D61BE26B1C00FAF393 /* momo1 */,
				0C6DC8F01BE26B1C00FAF393 /* momo1Tests */,
				0C6DC8FB1BE26B1C00FAF393 /* momo1UITests */,
				0C6DC8D51BE26B1C00FAF393 /* Products */,
			);
			sourceTree = "<group>";
		};
		0C6DC8D51BE26B1C00FAF393 /* Products */ = {
			isa = PBXGroup;
			children = (
				0C6DC8D41BE26B1C00FAF393 /* momo1.app */,
				0C6DC8ED1BE26B1C00FAF393 /* momo1Tests.xctest */,
				0C6DC8F81BE26B1C00FAF393 /* momo1UITests.xctest */,
			);
			name = Products;
			sourceTree = "<group>";
		};
		0C6DC8D61BE26B1C00FAF393 /* momo1 */ = {
			isa = PBXGroup;
			children = (
				0C6DC8DA1BE26B1C00FAF393 /* AppDelegate.h */,
				0C6DC8DB1BE26B1C00FAF393 /* AppDelegate.m */,
				0C6DC8DD1BE26B1C00FAF393 /* ViewController.h */,
				0C6DC8DE1BE26B1C00FAF393 /* ViewController.m */,
				0C6DC8E01BE26B1C00FAF393 /* Main.storyboard */,
				0C6DC8E31BE26B1C00FAF393 /* Assets.xcassets */,
				0C6DC8E51BE26B1C00FAF393 /* LaunchScreen.storyboard */,
				0C6DC8E81BE26B1C00FAF393 /* Info.plist */,
				0C6DC8D71BE26B1C00FAF393 /* Supporting Files */,
			);
			path = momo1;
			sourceTree = "<group>";
		};
		0C6DC8D71BE26B1C00FAF393 /* Supporting Files */ = {
			isa = PBXGroup;
			children = (
				0C6DC8D81BE26B1C00FAF393 /* main.m */,
			);
			name = "Supporting Files";
			sourceTree = "<group>";
		};
		0C6DC8F01BE26B1C00FAF393 /* momo1Tests */ = {
			isa = PBXGroup;
			children = (
				0C6DC8F11BE26B1C00FAF393 /* momo1Tests.m */,
				0C6DC8F31BE26B1C00FAF393 /* Info.plist */,
			);
			path = momo1Tests;
			sourceTree = "<group>";
		};
		0C6DC8FB1BE26B1C00FAF393 /* momo1UITests */ = {
			isa = PBXGroup;
			children = (
				0C6DC8FC1BE26B1C00FAF393 /* momo1UITests.m */,
				0C6DC8FE1BE26B1C00FAF393 /* Info.plist */,
			);
			path = momo1UITests;
			sourceTree = "<group>";
		};
/* End PBXGroup section */

/* Begin PBXNativeTarget section */
		0C6DC8D31BE26B1C00FAF393 /* momo1 */ = {
			isa = PBXNativeTarget;
			buildConfigurationList = 0C6DC9011BE26B1C00FAF393 /* Build configuration list for PBXNativeTarget "momo1" */;
			buildPhases = (
				0C6DC8D01BE26B1C00FAF393 /* Sources */,
				0C6DC8D11BE26B1C00FAF393 /* Frameworks */,
				0C6DC8D21BE26B1C00FAF393 /* Resources */,
			);
			buildRules = (
			);
			dependencies = (
			);
			name = momo1;
			productName = momo1;
			productReference = 0C6DC8D41BE26B1C00FAF393 /* momo1.app */;
			productType = "com.apple.product-type.application";
		};
		0C6DC8EC1BE26B1C00FAF393 /* momo1Tests */ = {
			isa = PBXNativeTarget;
			buildConfigurationList = 0C6DC9041BE26B1C00FAF393 /* Build configuration list for PBXNativeTarget "momo1Tests" */;
			buildPhases = (
				0C6DC8E91BE26B1C00FAF393 /* Sources */,
				0C6DC8EA1BE26B1C00FAF393 /* Frameworks */,
				0C6DC8EB1BE26B1C00FAF393 /* Resources */,
			);
			buildRules = (
			);
			dependencies = (
				0C6DC8EF1BE26B1C00FAF393 /* PBXTargetDependency */,
			);
			name = momo1Tests;
			productName = momo1Tests;
			productReference = 0C6DC8ED1BE26B1C00FAF393 /* momo1Tests.xctest */;
			productType = "com.apple.product-type.bundle.unit-test";
		};
		0C6DC8F71BE26B1C00FAF393 /* momo1UITests */ = {
			isa = PBXNativeTarget;
			buildConfigurationList = 0C6DC9071BE26B1C00FAF393 /* Build configuration list for PBXNativeTarget "momo1UITests" */;
			buildPhases = (
				0C6DC8F41BE26B1C00FAF393 /* Sources */,
				0C6DC8F51BE26B1C00FAF393 /* Frameworks */,
				0C6DC8F61BE26B1C00FAF393 /* Resources */,
			);
			buildRules = (
			);
			dependencies = (
				0C6DC8FA1BE26B1C00FAF393 /* PBXTargetDependency */,
			);
			name = momo1UITests;
			productName = momo1UITests;
			productReference = 0C6DC8F81BE26B1C00FAF393 /* momo1UITests.xctest */;
			productType = "com.apple.product-type.bundle.ui-testing";
		};
/* End PBXNativeTarget section */

/* Begin PBXProject section */
		0C6DC8CC1BE26B1C00FAF393 /* Project object */ = {
			isa = PBXProject;
			attributes = {
				LastUpgradeCheck = 0700;
				ORGANIZATIONNAME = xiaomage;
				TargetAttributes = {
					0C6DC8D31BE26B1C00FAF393 = {
						CreatedOnToolsVersion = 7.0;
					};
					0C6DC8EC1BE26B1C00FAF393 = {
						CreatedOnToolsVersion = 7.0;
						TestTargetID = 0C6DC8D31BE26B1C00FAF393;
					};
					0C6DC8F71BE26B1C00FAF393 = {
						CreatedOnToolsVersion = 7.0;
						TestTargetID = 0C6DC8D31BE26B1C00FAF393;
					};
				};
			};
			buildConfigurationList = 0C6DC8CF1BE26B1C00FAF393 /* Build configuration list for PBXProject "momo1" */;
			compatibilityVersion = "Xcode 3.2";
			developmentRegion = English;
			hasScannedForEncodings = 0;
			knownRegions = (
				en,
				Base,
			);
			mainGroup = 0C6DC8CB1BE26B1C00FAF393;
			productRefGroup = 0C6DC8D51BE26B1C00FAF393 /* Products */;
			projectDirPath = "";
			projectRoot = "";
			targets = (
				0C6DC8D31BE26B1C00FAF393 /* momo1 */,
				0C6DC8EC1BE26B1C00FAF393 /* momo1Tests */,
				0C6DC8F71BE26B1C00FAF393 /* momo1UITests */,
			);
		};
/* End PBXProject section */

/* Begin PBXResourcesBuildPhase section */
		0C6DC8D21BE26B1C00FAF393 /* Resources */ = {
			isa = PBXResourcesBuildPhase;
			buildActionMask = 2147483647;
			files = (
				0C6DC8E71BE26B1C00FAF393 /* LaunchScreen.storyboard in Resources */,
				0C6DC8E41BE26B1C00FAF393 /* Assets.xcassets in Resources */,
				0C6DC8E21BE26B1C00FAF393 /* Main.storyboard in Resources */,
			);
			runOnlyForDeploymentPostprocessing = 0;
		};
		0C6DC8EB1BE26B1C00FAF393 /* Resources */ = {
			isa = PBXResourcesBuildPhase;
			buildActionMask = 2147483647;
			files = (
			);
			runOnlyForDeploymentPostprocessing = 0;
		};
		0C6DC8F61BE26B1C00FAF393 /* Resources */ = {
			isa = PBXResourcesBuildPhase;
			buildActionMask = 2147483647;
			files = (
			);
			runOnlyForDeploymentPostprocessing = 0;
		};
/* End PBXResourcesBuildPhase section */

/* Begin PBXSourcesBuildPhase section */
		0C6DC8D01BE26B1C00FAF393 /* Sources */ = {
			isa = PBXSourcesBuildPhase;
			buildActionMask = 2147483647;
			files = (
				0C6DC8DF1BE26B1C00FAF393 /* ViewController.m in Sources */,
				0C6DC8DC1BE26B1C00FAF393 /* AppDelegate.m in Sources */,
				0C6DC8D91BE26B1C00FAF393 /* main.m in Sources */,
			);
			runOnlyForDeploymentPostprocessing = 0;
		};
		0C6DC8E91BE26B1C00FAF393 /* Sources */ = {
			isa = PBXSourcesBuildPhase;
			buildActionMask = 2147483647;
			files = (
				0C6DC8F21BE26B1C00FAF393 /* momo1Tests.m in Sources */,
			);
			runOnlyForDeploymentPostprocessing = 0;
		};
		0C6DC8F41BE26B1C00FAF393 /* Sources */ = {
			isa = PBXSourcesBuildPhase;
			buildActionMask = 2147483647;
			files = (
				0C6DC8FD1BE26B1C00FAF393 /* momo1UITests.m in Sources */,
			);
			runOnlyForDeploymentPostprocessing = 0;
		};
/* End PBXSourcesBuildPhase section */

/* Begin PBXTargetDependency section */
		0C6DC8EF1BE26B1C00FAF393 /* PBXTargetDependency */ = {
			isa = PBXTargetDependency;
			target = 0C6DC8D31BE26B1C00FAF393 /* momo1 */;
			targetProxy = 0C6DC8EE1BE26B1C00FAF393 /* PBXContainerItemProxy */;
		};
		0C6DC8FA1BE26B1C00FAF393 /* PBXTargetDependency */ = {
			isa = PBXTargetDependency;
			target = 0C6DC8D31BE26B1C00FAF393 /* momo1 */;
			targetProxy = 0C6DC8F91BE26B1C00FAF393 /* PBXContainerItemProxy */;
		};
/* End PBXTargetDependency section */

/* Begin PBXVariantGroup section */
		0C6DC8E01BE26B1C00FAF393 /* Main.storyboard */ = {
			isa = PBXVariantGroup;
			children = (
				0C6DC8E11BE26B1C00FAF393 /* Base */,
			);
			name = Main.storyboard;
			sourceTree = "<group>";
		};
		0C6DC8E51BE26B1C00FAF393 /* LaunchScreen.storyboard */ = {
			isa = PBXVariantGroup;
			children = (
				0C6DC8E61BE26B1C00FAF393 /* Base */,
			);
			name = LaunchScreen.storyboard;
			sourceTree = "<group>";
		};
/* End PBXVariantGroup section */

/* Begin XCBuildConfiguration section */
		0C6DC8FF1BE26B1C00FAF393 /* Debug */ = {
			isa = XCBuildConfiguration;
			buildSettings = {
				ALWAYS_SEARCH_USER_PATHS = NO;
				CLANG_CXX_LANGUAGE_STANDARD = "gnu++0x";
				CLANG_CXX_LIBRARY = "libc++";
				CLANG_ENABLE_MODULES = YES;
				CLANG_ENABLE_OBJC_ARC = YES;
				CLANG_WARN_BOOL_CONVERSION = YES;
				CLANG_WARN_CONSTANT_CONVERSION = YES;
				CLANG_WARN_DIRECT_OBJC_ISA_USAGE = YES_ERROR;
				CLANG_WARN_EMPTY_BODY = YES;
				CLANG_WARN_ENUM_CONVERSION = YES;
				CLANG_WARN_INT_CONVERSION = YES;
				CLANG_WARN_OBJC_ROOT_CLASS = YES_ERROR;
				CLANG_WARN_UNREACHABLE_CODE = YES;
				CLANG_WARN__DUPLICATE_METHOD_MATCH = YES;
				"CODE_SIGN_IDENTITY[sdk=iphoneos*]" = "iPhone Developer";
				COPY_PHASE_STRIP = NO;
				DEBUG_INFORMATION_FORMAT = dwarf;
				ENABLE_STRICT_OBJC_MSGSEND = YES;
				ENABLE_TESTABILITY = YES;
				GCC_C_LANGUAGE_STANDARD = gnu99;
				GCC_DYNAMIC_NO_PIC = NO;
				GCC_NO_COMMON_BLOCKS = YES;
				GCC_OPTIMIZATION_LEVEL = 0;
				GCC_PREPROCESSOR_DEFINITIONS = (
					"DEBUG=1",
					"$(inherited)",
				);
				GCC_WARN_64_TO_32_BIT_CONVERSION = YES;
				GCC_WARN_ABOUT_RETURN_TYPE = YES_ERROR;
				GCC_WARN_UNDECLARED_SELECTOR = YES;
				GCC_WARN_UNINITIALIZED_AUTOS = YES_AGGRESSIVE;
				GCC_WARN_UNUSED_FUNCTION = YES;
				GCC_WARN_UNUSED_VARIABLE = YES;
				IPHONEOS_DEPLOYMENT_TARGET = 9.0;
				MTL_ENABLE_DEBUG_INFO = YES;
				ONLY_ACTIVE_ARCH = YES;
				SDKROOT = iphoneos;
				TARGETED_DEVICE_FAMILY = "1,2";
			};
			name = Debug;
		};
		0C6DC9001BE26B1C00FAF393 /* Release */ = {
			isa = XCBuildConfiguration;
			buildSettings = {
				ALWAYS_SEARCH_USER_PATHS = NO;
				CLANG_CXX_LANGUAGE_STANDARD = "gnu++0x";
				CLANG_CXX_LIBRARY = "libc++";
				CLANG_ENABLE_MODULES = YES;
				CLANG_ENABLE_OBJC_ARC = YES;
				CLANG_WARN_BOOL_CONVERSION = YES;
				CLANG_WARN_CONSTANT_CONVERSION = YES;
				CLANG_WARN_DIRECT_OBJC_ISA_USAGE = YES_ERROR;
				CLANG_WARN_EMPTY_BODY = YES;
				CLANG_WARN_ENUM_CONVERSION = YES;
				CLANG_WARN_INT_CONVERSION = YES;
				CLANG_WARN_OBJC_ROOT_CLASS = YES_ERROR;
				CLANG_WARN_UNREACHABLE_CODE = YES;
				CLANG_WARN__DUPLICATE_METHOD_MATCH = YES;
				"CODE_SIGN_IDENTITY[sdk=iphoneos*]" = "iPhone Developer";
				COPY_PHASE_STRIP = NO;
				DEBUG_INFORMATION_FORMAT = "dwarf-with-dsym";
				ENABLE_NS_ASSERTIONS = NO;
				ENABLE_STRICT_OBJC_MSGSEND = YES;
				GCC_C_LANGUAGE_STANDARD = gnu99;
				GCC_NO_COMMON_BLOCKS = YES;
				GCC_WARN_64_TO_32_BIT_CONVERSION = YES;
				GCC_WARN_ABOUT_RETURN_TYPE = YES_ERROR;
				GCC_WARN_UNDECLARED_SELECTOR = YES;
				GCC_WARN_UNINITIALIZED_AUTOS = YES_AGGRESSIVE;
				GCC_WARN_UNUSED_FUNCTION = YES;
				GCC_WARN_UNUSED_VARIABLE = YES;
				IPHONEOS_DEPLOYMENT_TARGET = 9.0;
				MTL_ENABLE_DEBUG_INFO = NO;
				SDKROOT = iphoneos;
				TARGETED_DEVICE_FAMILY = "1,2";
				VALIDATE_PRODUCT = YES;
			};
			name = Release;
		};
		0C6DC9021BE26B1C00FAF393 /* Debug */ = {
			isa = XCBuildConfiguration;
			buildSettings = {
				ASSETCATALOG_COMPILER_APPICON_NAME = AppIcon;
				INFOPLIST_FILE = momo1/Info.plist;
				LD_RUNPATH_SEARCH_PATHS = "$(inherited) @executable_path/Frameworks";
				PRODUCT_BUNDLE_IDENTIFIER = com.520it.momo1;
				PRODUCT_NAME = "$(TARGET_NAME)";
			};
			name = Debug;
		};
		0C6DC9031BE26B1C00FAF393 /* Release */ = {
			isa = XCBuildConfiguration;
			buildSettings = {
				ASSETCATALOG_COMPILER_APPICON_NAME = AppIcon;
				INFOPLIST_FILE = momo1/Info.plist;
				LD_RUNPATH_SEARCH_PATHS = "$(inherited) @executable_path/Frameworks";
				PRODUCT_BUNDLE_IDENTIFIER = com.520it.momo1;
				PRODUCT_NAME = "$(TARGET_NAME)";
			};
			name = Release;
		};
		0C6DC9051BE26B1C00FAF393 /* Debug */ = {
			isa = XCBuildConfiguration;
			buildSettings = {
				BUNDLE_LOADER = "$(TEST_HOST)";
				INFOPLIST_FILE = momo1Tests/Info.plist;
				LD_RUNPATH_SEARCH_PATHS = "$(inherited) @executable_path/Frameworks @loader_path/Frameworks";
				PRODUCT_BUNDLE_IDENTIFIER = com.520it.momo1Tests;
				PRODUCT_NAME = "$(TARGET_NAME)";
				TEST_HOST = "$(BUILT_PRODUCTS_DIR)/momo1.app/momo1";
			};
			name = Debug;
		};
		0C6DC9061BE26B1C00FAF393 /* Release */ = {
			isa = XCBuildConfiguration;
			buildSettings = {
				BUNDLE_LOADER = "$(TEST_HOST)";
				INFOPLIST_FILE = momo1Tests/Info.plist;
				LD_RUNPATH_SEARCH_PATHS = "$(inherited) @executable_path/Frameworks @loader_path/Frameworks";
				PRODUCT_BUNDLE_IDENTIFIER = com.520it.momo1Tests;
				PRODUCT_NAME = "$(TARGET_NAME)";
				TEST_HOST = "$(BUILT_PRODUCTS_DIR)/momo1.app/momo1";
			};
			name = Release;
		};
		0C6DC9081BE26B1C00FAF393 /* Debug */ = {
			isa = XCBuildConfiguration;
			buildSettings = {
				INFOPLIST_FILE = momo1UITests/Info.plist;
				LD_RUNPATH_SEARCH_PATHS = "$(inherited) @executable_path/Frameworks @loader_path/Frameworks";
				PRODUCT_BUNDLE_IDENTIFIER = com.520it.momo1UITests;
				PRODUCT_NAME = "$(TARGET_NAME)";
				TEST_TARGET_NAME = momo1;
				USES_XCTRUNNER = YES;
			};
			name = Debug;
		};
		0C6DC9091BE26B1C00FAF393 /* Release */ = {
			isa = XCBuildConfiguration;
			buildSettings = {
				INFOPLIST_FILE = momo1UITests/Info.plist;
				LD_RUNPATH_SEARCH_PATHS = "$(inherited) @executable_path/Frameworks @loader_path/Frameworks";
				PRODUCT_BUNDLE_IDENTIFIER = com.520it.momo1UITests;
				PRODUCT_NAME = "$(TARGET_NAME)";
				TEST_TARGET_NAME = momo1;
				USES_XCTRUNNER = YES;
			};
			name = Release;
		};
/* End XCBuildConfiguration section */

/* Begin XCConfigurationList section */
		0C6DC8CF1BE26B1C00FAF393 /* Build configuration list for PBXProject "momo1" */ = {
			isa = XCConfigurationList;
			buildConfigurations = (
				0C6DC8FF1BE26B1C00FAF393 /* Debug */,
				0C6DC9001BE26B1C00FAF393 /* Release */,
			);
			defaultConfigurationIsVisible = 0;
			defaultConfigurationName = Release;
		};
		0C6DC9011BE26B1C00FAF393 /* Build configuration list for PBXNativeTarget "momo1" */ = {
			isa = XCConfigurationList;
			buildConfigurations = (
				0C6DC9021BE26B1C00FAF393 /* Debug */,
				0C6DC9031BE26B1C00FAF393 /* Release */,
			);
			defaultConfigurationIsVisible = 0;
		};
		0C6DC9041BE26B1C00FAF393 /* Build configuration list for PBXNativeTarget "momo1Tests" */ = {
			isa = XCConfigurationList;
			buildConfigurations = (
				0C6DC9051BE26B1C00FAF393 /* Debug */,
				0C6DC9061BE26B1C00FAF393 /* Release */,
			);
			defaultConfigurationIsVisible = 0;
		};
		0C6DC9071BE26B1C00FAF393 /* Build configuration list for PBXNativeTarget "momo1UITests" */ = {
			isa = XCConfigurationList;
			buildConfigurations = (
				0C6DC9081BE26B1C00FAF393 /* Debug */,
				0C6DC9091BE26B1C00FAF393 /* Release */,
			);
			defaultConfigurationIsVisible = 0;
		};
/* End XCConfigurationList section */
	};
	rootObject = 0C6DC8CC1BE26B1C00FAF393 /* Project object */;
}
